
Microsoft Visual Studio Solution File, Format Version 12.00
# Visual Studio Version 17
VisualStudioVersion = 17.9.34701.34
MinimumVisualStudioVersion = 10.0.40219.1
Project("{FAE04EC0-301F-11D3-BF4B-00C04F79EFBC}") = "crudProject", "crudProject\crudProject.csproj", "{DEB3F538-5B98-44EA-8055-E782FEB2758C}"
EndProject
Global
	GlobalSection(SolutionConfigurationPlatforms) = preSolution
		Debug|Any CPU = Debug|Any CPU
		Release|Any CPU = Release|Any CPU
	EndGlobalSection
	GlobalSection(ProjectConfigurationPlatforms) = postSolution
		{DEB3F538-5B98-44EA-8055-E782FEB2758C}.Debug|Any CPU.ActiveCfg = Debug|Any CPU
		{DEB3F538-5B98-44EA-8055-E782FEB2758C}.Debug|Any CPU.Build.0 = Debug|Any CPU
		{DEB3F538-5B98-44EA-8055-E782FEB2758C}.Release|Any CPU.ActiveCfg = Release|Any CPU
		{DEB3F538-5B98-44EA-8055-E782FEB2758C}.Release|Any CPU.Build.0 = Release|Any CPU
	EndGlobalSection
	GlobalSection(SolutionProperties) = preSolution
		HideSolutionNode = FALSE
	EndGlobalSection
	GlobalSection(ExtensibilityGlobals) = postSolution
		SolutionGuid = {F1FBA842-F039-45FD-A2BE-6346E8786090}
	EndGlobalSection
EndGlobal
